// !$*UTF8*$!
{
	archiveVersion = 1;
	classes = {
	};
	objectVersion = 55;
	objects = {

/* Begin PBXBuildFile section */
		FAA0F18E275C1BC3006F8179 /* LifeTimerTests.swift in Sources */ = {isa = PBXBuildFile; fileRef = FAA0F18D275C1BC3006F8179 /* LifeTimerTests.swift */; };
		FAA0F1B4275C1CC6006F8179 /* PersistenceService.swift in Sources */ = {isa = PBXBuildFile; fileRef = FAA0F1A8275C1CC6006F8179 /* PersistenceService.swift */; };
		FAA0F1B5275C1CC6006F8179 /* Assets.xcassets in Resources */ = {isa = PBXBuildFile; fileRef = FAA0F1AB275C1CC6006F8179 /* Assets.xcassets */; };
		FAA0F1B6275C1CC6006F8179 /* LifeTimerApp.swift in Sources */ = {isa = PBXBuildFile; fileRef = FAA0F1AE275C1CC6006F8179 /* LifeTimerApp.swift */; };
		FAA0F1B7275C1CC6006F8179 /* ContentView.swift in Sources */ = {isa = PBXBuildFile; fileRef = FAA0F1AF275C1CC6006F8179 /* ContentView.swift */; };
		FAA0F1B8275C1CC6006F8179 /* LifeTimer.xcdatamodeld in Sources */ = {isa = PBXBuildFile; fileRef = FAA0F1B2275C1CC6006F8179 /* LifeTimer.xcdatamodeld */; };
		FAA0F1BB275C1EFD006F8179 /* DayView.swift in Sources */ = {isa = PBXBuildFile; fileRef = FAA0F1BA275C1EFD006F8179 /* DayView.swift */; };
		FAA0F1BE275C1F45006F8179 /* IOC.swift in Sources */ = {isa = PBXBuildFile; fileRef = FAA0F1BD275C1F45006F8179 /* IOC.swift */; };
		FAA0F1C1275C1F7F006F8179 /* SwinjectAutoregistration in Frameworks */ = {isa = PBXBuildFile; productRef = FAA0F1C0275C1F7F006F8179 /* SwinjectAutoregistration */; };
		FAA0F1C5275C1F99006F8179 /* SingletonService.swift in Sources */ = {isa = PBXBuildFile; fileRef = FAA0F1C2275C1F99006F8179 /* SingletonService.swift */; };
		FAA0F1C6275C1F99006F8179 /* ErrorService.swift in Sources */ = {isa = PBXBuildFile; fileRef = FAA0F1C3275C1F99006F8179 /* ErrorService.swift */; };
		FAA0F1C7275C1F99006F8179 /* GenericFactory.swift in Sources */ = {isa = PBXBuildFile; fileRef = FAA0F1C4275C1F99006F8179 /* GenericFactory.swift */; };
		FAA0F1C9275C1FD1006F8179 /* DayViewModel.swift in Sources */ = {isa = PBXBuildFile; fileRef = FAA0F1C8275C1FD1006F8179 /* DayViewModel.swift */; };
		FABAC604275C43CB008177A7 /* ElegantCalendar in Frameworks */ = {isa = PBXBuildFile; productRef = FABAC603275C43CB008177A7 /* ElegantCalendar */; };
		FABAC607275C43FC008177A7 /* LabelListView.swift in Sources */ = {isa = PBXBuildFile; fileRef = FABAC606275C43FC008177A7 /* LabelListView.swift */; };
		FABAC609275C440B008177A7 /* LabelListViewModel.swift in Sources */ = {isa = PBXBuildFile; fileRef = FABAC608275C440B008177A7 /* LabelListViewModel.swift */; };
		FABAC60B275C47F2008177A7 /* LabelEditView.swift in Sources */ = {isa = PBXBuildFile; fileRef = FABAC60A275C47F2008177A7 /* LabelEditView.swift */; };
		FABAC60D275C4805008177A7 /* LabelEditViewModel.swift in Sources */ = {isa = PBXBuildFile; fileRef = FABAC60C275C4805008177A7 /* LabelEditViewModel.swift */; };
		FABAC615275C6448008177A7 /* ASSwiftUI in Frameworks */ = {isa = PBXBuildFile; productRef = FABAC614275C6448008177A7 /* ASSwiftUI */; };
/* End PBXBuildFile section */

/* Begin PBXContainerItemProxy section */
		FAA0F18A275C1BC3006F8179 /* PBXContainerItemProxy */ = {
			isa = PBXContainerItemProxy;
			containerPortal = FAA0F16C275C1BC1006F8179 /* Project object */;
			proxyType = 1;
			remoteGlobalIDString = FAA0F173275C1BC1006F8179;
			remoteInfo = LifeTimer;
		};
/* End PBXContainerItemProxy section */

/* Begin PBXFileReference section */
		FAA0F174275C1BC1006F8179 /* LifeTimer.app */ = {isa = PBXFileReference; explicitFileType = wrapper.application; includeInIndex = 0; path = LifeTimer.app; sourceTree = BUILT_PRODUCTS_DIR; };
		FAA0F189275C1BC3006F8179 /* LifeTimerTests.xctest */ = {isa = PBXFileReference; explicitFileType = wrapper.cfbundle; includeInIndex = 0; path = LifeTimerTests.xctest; sourceTree = BUILT_PRODUCTS_DIR; };
		FAA0F18D275C1BC3006F8179 /* LifeTimerTests.swift */ = {isa = PBXFileReference; lastKnownFileType = sourcecode.swift; path = LifeTimerTests.swift; sourceTree = "<group>"; };
		FAA0F1A8275C1CC6006F8179 /* PersistenceService.swift */ = {isa = PBXFileReference; fileEncoding = 4; lastKnownFileType = sourcecode.swift; path = PersistenceService.swift; sourceTree = "<group>"; };
		FAA0F1AB275C1CC6006F8179 /* Assets.xcassets */ = {isa = PBXFileReference; lastKnownFileType = folder.assetcatalog; path = Assets.xcassets; sourceTree = "<group>"; };
		FAA0F1AE275C1CC6006F8179 /* LifeTimerApp.swift */ = {isa = PBXFileReference; fileEncoding = 4; lastKnownFileType = sourcecode.swift; path = LifeTimerApp.swift; sourceTree = "<group>"; };
		FAA0F1AF275C1CC6006F8179 /* ContentView.swift */ = {isa = PBXFileReference; fileEncoding = 4; lastKnownFileType = sourcecode.swift; path = ContentView.swift; sourceTree = "<group>"; };
		FAA0F1B3275C1CC6006F8179 /* LifeTimer.xcdatamodel */ = {isa = PBXFileReference; lastKnownFileType = wrapper.xcdatamodel; path = LifeTimer.xcdatamodel; sourceTree = "<group>"; };
		FAA0F1BA275C1EFD006F8179 /* DayView.swift */ = {isa = PBXFileReference; lastKnownFileType = sourcecode.swift; path = DayView.swift; sourceTree = "<group>"; };
		FAA0F1BD275C1F45006F8179 /* IOC.swift */ = {isa = PBXFileReference; lastKnownFileType = sourcecode.swift; path = IOC.swift; sourceTree = "<group>"; };
		FAA0F1C2275C1F99006F8179 /* SingletonService.swift */ = {isa = PBXFileReference; fileEncoding = 4; lastKnownFileType = sourcecode.swift; path = SingletonService.swift; sourceTree = "<group>"; };
		FAA0F1C3275C1F99006F8179 /* ErrorService.swift */ = {isa = PBXFileReference; fileEncoding = 4; lastKnownFileType = sourcecode.swift; path = ErrorService.swift; sourceTree = "<group>"; };
		FAA0F1C4275C1F99006F8179 /* GenericFactory.swift */ = {isa = PBXFileReference; fileEncoding = 4; lastKnownFileType = sourcecode.swift; path = GenericFactory.swift; sourceTree = "<group>"; };
		FAA0F1C8275C1FD1006F8179 /* DayViewModel.swift */ = {isa = PBXFileReference; lastKnownFileType = sourcecode.swift; path = DayViewModel.swift; sourceTree = "<group>"; };
		FABAC606275C43FC008177A7 /* LabelListView.swift */ = {isa = PBXFileReference; lastKnownFileType = sourcecode.swift; path = LabelListView.swift; sourceTree = "<group>"; };
		FABAC608275C440B008177A7 /* LabelListViewModel.swift */ = {isa = PBXFileReference; lastKnownFileType = sourcecode.swift; path = LabelListViewModel.swift; sourceTree = "<group>"; };
		FABAC60A275C47F2008177A7 /* LabelEditView.swift */ = {isa = PBXFileReference; lastKnownFileType = sourcecode.swift; path = LabelEditView.swift; sourceTree = "<group>"; };
		FABAC60C275C4805008177A7 /* LabelEditViewModel.swift */ = {isa = PBXFileReference; lastKnownFileType = sourcecode.swift; path = LabelEditViewModel.swift; sourceTree = "<group>"; };
		FABAC613275C6345008177A7 /* ASSwiftUI */ = {isa = PBXFileReference; lastKnownFileType = folder; path = ASSwiftUI; sourceTree = "<group>"; };
/* End PBXFileReference section */

/* Begin PBXFrameworksBuildPhase section */
		FAA0F171275C1BC1006F8179 /* Frameworks */ = {
			isa = PBXFrameworksBuildPhase;
			buildActionMask = 2147483647;
			files = (
				FABAC615275C6448008177A7 /* ASSwiftUI in Frameworks */,
				FAA0F1C1275C1F7F006F8179 /* SwinjectAutoregistration in Frameworks */,
				FABAC604275C43CB008177A7 /* ElegantCalendar in Frameworks */,
			);
			runOnlyForDeploymentPostprocessing = 0;
		};
		FAA0F186275C1BC3006F8179 /* Frameworks */ = {
			isa = PBXFrameworksBuildPhase;
			buildActionMask = 2147483647;
			files = (
			);
			runOnlyForDeploymentPostprocessing = 0;
		};
/* End PBXFrameworksBuildPhase section */

/* Begin PBXGroup section */
		FAA0F16B275C1BC1006F8179 = {
			isa = PBXGroup;
			children = (
				FAA0F1A9275C1CC6006F8179 /* Infrastructure */,
				FAA0F1B0275C1CC6006F8179 /* Model */,
				FAA0F1AA275C1CC6006F8179 /* Resources */,
				FAA0F1AC275C1CC6006F8179 /* Scene */,
				FAA0F1A6275C1CC6006F8179 /* Services */,
				FABAC60E275C623B008177A7 /* Frameworks */,
				FAA0F18C275C1BC3006F8179 /* LifeTimerTests */,
				FAA0F175275C1BC1006F8179 /* Products */,
			);
			sourceTree = "<group>";
		};
		FAA0F175275C1BC1006F8179 /* Products */ = {
			isa = PBXGroup;
			children = (
				FAA0F174275C1BC1006F8179 /* LifeTimer.app */,
				FAA0F189275C1BC3006F8179 /* LifeTimerTests.xctest */,
			);
			name = Products;
			sourceTree = "<group>";
		};
		FAA0F18C275C1BC3006F8179 /* LifeTimerTests */ = {
			isa = PBXGroup;
			children = (
				FAA0F18D275C1BC3006F8179 /* LifeTimerTests.swift */,
			);
			path = LifeTimerTests;
			sourceTree = "<group>";
		};
		FAA0F1A6275C1CC6006F8179 /* Services */ = {
			isa = PBXGroup;
			children = (
				FAA0F1A7275C1CC6006F8179 /* Database */,
				FAA0F1BC275C1F0A006F8179 /* Root */,
			);
			path = Services;
			sourceTree = "<group>";
		};
		FAA0F1A7275C1CC6006F8179 /* Database */ = {
			isa = PBXGroup;
			children = (
				FAA0F1A8275C1CC6006F8179 /* PersistenceService.swift */,
			);
			path = Database;
			sourceTree = "<group>";
		};
		FAA0F1A9275C1CC6006F8179 /* Infrastructure */ = {
			isa = PBXGroup;
			children = (
			);
			path = Infrastructure;
			sourceTree = "<group>";
		};
		FAA0F1AA275C1CC6006F8179 /* Resources */ = {
			isa = PBXGroup;
			children = (
				FAA0F1AB275C1CC6006F8179 /* Assets.xcassets */,
			);
			path = Resources;
			sourceTree = "<group>";
		};
		FAA0F1AC275C1CC6006F8179 /* Scene */ = {
			isa = PBXGroup;
			children = (
				FAA0F1B9275C1EF6006F8179 /* Day */,
				FABAC605275C43F4008177A7 /* Labels */,
				FAA0F1AD275C1CC6006F8179 /* Root */,
			);
			path = Scene;
			sourceTree = "<group>";
		};
		FAA0F1AD275C1CC6006F8179 /* Root */ = {
			isa = PBXGroup;
			children = (
				FAA0F1AE275C1CC6006F8179 /* LifeTimerApp.swift */,
				FAA0F1AF275C1CC6006F8179 /* ContentView.swift */,
			);
			path = Root;
			sourceTree = "<group>";
		};
		FAA0F1B0275C1CC6006F8179 /* Model */ = {
			isa = PBXGroup;
			children = (
				FAA0F1B1275C1CC6006F8179 /* Entities */,
			);
			path = Model;
			sourceTree = "<group>";
		};
		FAA0F1B1275C1CC6006F8179 /* Entities */ = {
			isa = PBXGroup;
			children = (
				FAA0F1B2275C1CC6006F8179 /* LifeTimer.xcdatamodeld */,
			);
			path = Entities;
			sourceTree = "<group>";
		};
		FAA0F1B9275C1EF6006F8179 /* Day */ = {
			isa = PBXGroup;
			children = (
				FAA0F1BA275C1EFD006F8179 /* DayView.swift */,
				FAA0F1C8275C1FD1006F8179 /* DayViewModel.swift */,
			);
			path = Day;
			sourceTree = "<group>";
		};
		FAA0F1BC275C1F0A006F8179 /* Root */ = {
			isa = PBXGroup;
			children = (
				FAA0F1C3275C1F99006F8179 /* ErrorService.swift */,
				FAA0F1C4275C1F99006F8179 /* GenericFactory.swift */,
				FAA0F1C2275C1F99006F8179 /* SingletonService.swift */,
				FAA0F1BD275C1F45006F8179 /* IOC.swift */,
			);
			path = Root;
			sourceTree = "<group>";
		};
		FABAC605275C43F4008177A7 /* Labels */ = {
			isa = PBXGroup;
			children = (
				FABAC606275C43FC008177A7 /* LabelListView.swift */,
				FABAC608275C440B008177A7 /* LabelListViewModel.swift */,
				FABAC60A275C47F2008177A7 /* LabelEditView.swift */,
				FABAC60C275C4805008177A7 /* LabelEditViewModel.swift */,
			);
			path = Labels;
			sourceTree = "<group>";
		};
		FABAC60E275C623B008177A7 /* Frameworks */ = {
			isa = PBXGroup;
			children = (
				FABAC613275C6345008177A7 /* ASSwiftUI */,
			);
			path = Frameworks;
			sourceTree = "<group>";
		};
/* End PBXGroup section */

/* Begin PBXNativeTarget section */
		FAA0F173275C1BC1006F8179 /* LifeTimer */ = {
			isa = PBXNativeTarget;
			buildConfigurationList = FAA0F19D275C1BC3006F8179 /* Build configuration list for PBXNativeTarget "LifeTimer" */;
			buildPhases = (
				FAA0F170275C1BC1006F8179 /* Sources */,
				FAA0F171275C1BC1006F8179 /* Frameworks */,
				FAA0F172275C1BC1006F8179 /* Resources */,
			);
			buildRules = (
			);
			dependencies = (
			);
			name = LifeTimer;
			packageProductDependencies = (
				FAA0F1C0275C1F7F006F8179 /* SwinjectAutoregistration */,
				FABAC603275C43CB008177A7 /* ElegantCalendar */,
				FABAC614275C6448008177A7 /* ASSwiftUI */,
			);
			productName = LifeTimer;
			productReference = FAA0F174275C1BC1006F8179 /* LifeTimer.app */;
			productType = "com.apple.product-type.application";
		};
		FAA0F188275C1BC3006F8179 /* LifeTimerTests */ = {
			isa = PBXNativeTarget;
			buildConfigurationList = FAA0F1A0275C1BC3006F8179 /* Build configuration list for PBXNativeTarget "LifeTimerTests" */;
			buildPhases = (
				FAA0F185275C1BC3006F8179 /* Sources */,
				FAA0F186275C1BC3006F8179 /* Frameworks */,
				FAA0F187275C1BC3006F8179 /* Resources */,
			);
			buildRules = (
			);
			dependencies = (
				FAA0F18B275C1BC3006F8179 /* PBXTargetDependency */,
			);
			name = LifeTimerTests;
			productName = LifeTimerTests;
			productReference = FAA0F189275C1BC3006F8179 /* LifeTimerTests.xctest */;
			productType = "com.apple.product-type.bundle.unit-test";
		};
/* End PBXNativeTarget section */

/* Begin PBXProject section */
		FAA0F16C275C1BC1006F8179 /* Project object */ = {
			isa = PBXProject;
			attributes = {
				BuildIndependentTargetsInParallel = 1;
				LastSwiftUpdateCheck = 1310;
				LastUpgradeCheck = 1310;
				TargetAttributes = {
					FAA0F173275C1BC1006F8179 = {
						CreatedOnToolsVersion = 13.1;
					};
					FAA0F188275C1BC3006F8179 = {
						CreatedOnToolsVersion = 13.1;
						TestTargetID = FAA0F173275C1BC1006F8179;
					};
				};
			};
			buildConfigurationList = FAA0F16F275C1BC1006F8179 /* Build configuration list for PBXProject "LifeTimer" */;
			compatibilityVersion = "Xcode 13.0";
			developmentRegion = en;
			hasScannedForEncodings = 0;
			knownRegions = (
				en,
				Base,
			);
			mainGroup = FAA0F16B275C1BC1006F8179;
			packageReferences = (
				FAA0F1BF275C1F7F006F8179 /* XCRemoteSwiftPackageReference "SwinjectAutoregistration" */,
				FABAC602275C43CB008177A7 /* XCRemoteSwiftPackageReference "ElegantCalendar" */,
			);
			productRefGroup = FAA0F175275C1BC1006F8179 /* Products */;
			projectDirPath = "";
			projectRoot = "";
			targets = (
				FAA0F173275C1BC1006F8179 /* LifeTimer */,
				FAA0F188275C1BC3006F8179 /* LifeTimerTests */,
			);
		};
/* End PBXProject section */

/* Begin PBXResourcesBuildPhase section */
		FAA0F172275C1BC1006F8179 /* Resources */ = {
			isa = PBXResourcesBuildPhase;
			buildActionMask = 2147483647;
			files = (
				FAA0F1B5275C1CC6006F8179 /* Assets.xcassets in Resources */,
			);
			runOnlyForDeploymentPostprocessing = 0;
		};
		FAA0F187275C1BC3006F8179 /* Resources */ = {
			isa = PBXResourcesBuildPhase;
			buildActionMask = 2147483647;
			files = (
			);
			runOnlyForDeploymentPostprocessing = 0;
		};
/* End PBXResourcesBuildPhase section */

/* Begin PBXSourcesBuildPhase section */
		FAA0F170275C1BC1006F8179 /* Sources */ = {
			isa = PBXSourcesBuildPhase;
			buildActionMask = 2147483647;
			files = (
				FAA0F1C6275C1F99006F8179 /* ErrorService.swift in Sources */,
				FAA0F1B4275C1CC6006F8179 /* PersistenceService.swift in Sources */,
				FAA0F1C5275C1F99006F8179 /* SingletonService.swift in Sources */,
				FABAC60D275C4805008177A7 /* LabelEditViewModel.swift in Sources */,
				FABAC607275C43FC008177A7 /* LabelListView.swift in Sources */,
				FAA0F1C7275C1F99006F8179 /* GenericFactory.swift in Sources */,
				FAA0F1BE275C1F45006F8179 /* IOC.swift in Sources */,
				FAA0F1BB275C1EFD006F8179 /* DayView.swift in Sources */,
				FABAC60B275C47F2008177A7 /* LabelEditView.swift in Sources */,
				FAA0F1B6275C1CC6006F8179 /* LifeTimerApp.swift in Sources */,
				FAA0F1C9275C1FD1006F8179 /* DayViewModel.swift in Sources */,
				FAA0F1B7275C1CC6006F8179 /* ContentView.swift in Sources */,
				FAA0F1B8275C1CC6006F8179 /* LifeTimer.xcdatamodeld in Sources */,
				FABAC609275C440B008177A7 /* LabelListViewModel.swift in Sources */,
			);
			runOnlyForDeploymentPostprocessing = 0;
		};
		FAA0F185275C1BC3006F8179 /* Sources */ = {
			isa = PBXSourcesBuildPhase;
			buildActionMask = 2147483647;
			files = (
				FAA0F18E275C1BC3006F8179 /* LifeTimerTests.swift in Sources */,
			);
			runOnlyForDeploymentPostprocessing = 0;
		};
/* End PBXSourcesBuildPhase section */

/* Begin PBXTargetDependency section */
		FAA0F18B275C1BC3006F8179 /* PBXTargetDependency */ = {
			isa = PBXTargetDependency;
			target = FAA0F173275C1BC1006F8179 /* LifeTimer */;
			targetProxy = FAA0F18A275C1BC3006F8179 /* PBXContainerItemProxy */;
		};
/* End PBXTargetDependency section */

/* Begin XCBuildConfiguration section */
		FAA0F19B275C1BC3006F8179 /* Debug */ = {
			isa = XCBuildConfiguration;
			buildSettings = {
				ALWAYS_SEARCH_USER_PATHS = NO;
				CLANG_ANALYZER_NONNULL = YES;
				CLANG_ANALYZER_NUMBER_OBJECT_CONVERSION = YES_AGGRESSIVE;
				CLANG_CXX_LANGUAGE_STANDARD = "gnu++17";
				CLANG_CXX_LIBRARY = "libc++";
				CLANG_ENABLE_MODULES = YES;
				CLANG_ENABLE_OBJC_ARC = YES;
				CLANG_ENABLE_OBJC_WEAK = YES;
				CLANG_WARN_BLOCK_CAPTURE_AUTORELEASING = YES;
				CLANG_WARN_BOOL_CONVERSION = YES;
				CLANG_WARN_COMMA = YES;
				CLANG_WARN_CONSTANT_CONVERSION = YES;
				CLANG_WARN_DEPRECATED_OBJC_IMPLEMENTATIONS = YES;
				CLANG_WARN_DIRECT_OBJC_ISA_USAGE = YES_ERROR;
				CLANG_WARN_DOCUMENTATION_COMMENTS = YES;
				CLANG_WARN_EMPTY_BODY = YES;
				CLANG_WARN_ENUM_CONVERSION = YES;
				CLANG_WARN_INFINITE_RECURSION = YES;
				CLANG_WARN_INT_CONVERSION = YES;
				CLANG_WARN_NON_LITERAL_NULL_CONVERSION = YES;
				CLANG_WARN_OBJC_IMPLICIT_RETAIN_SELF = YES;
				CLANG_WARN_OBJC_LITERAL_CONVERSION = YES;
				CLANG_WARN_OBJC_ROOT_CLASS = YES_ERROR;
				CLANG_WARN_QUOTED_INCLUDE_IN_FRAMEWORK_HEADER = YES;
				CLANG_WARN_RANGE_LOOP_ANALYSIS = YES;
				CLANG_WARN_STRICT_PROTOTYPES = YES;
				CLANG_WARN_SUSPICIOUS_MOVE = YES;
				CLANG_WARN_UNGUARDED_AVAILABILITY = YES_AGGRESSIVE;
				CLANG_WARN_UNREACHABLE_CODE = YES;
				CLANG_WARN__DUPLICATE_METHOD_MATCH = YES;
				COPY_PHASE_STRIP = NO;
				DEBUG_INFORMATION_FORMAT = dwarf;
				ENABLE_STRICT_OBJC_MSGSEND = YES;
				ENABLE_TESTABILITY = YES;
				GCC_C_LANGUAGE_STANDARD = gnu11;
				GCC_DYNAMIC_NO_PIC = NO;
				GCC_NO_COMMON_BLOCKS = YES;
				GCC_OPTIMIZATION_LEVEL = 0;
				GCC_PREPROCESSOR_DEFINITIONS = (
					"DEBUG=1",
					"$(inherited)",
				);
				GCC_WARN_64_TO_32_BIT_CONVERSION = YES;
				GCC_WARN_ABOUT_RETURN_TYPE = YES_ERROR;
				GCC_WARN_UNDECLARED_SELECTOR = YES;
				GCC_WARN_UNINITIALIZED_AUTOS = YES_AGGRESSIVE;
				GCC_WARN_UNUSED_FUNCTION = YES;
				GCC_WARN_UNUSED_VARIABLE = YES;
				IPHONEOS_DEPLOYMENT_TARGET = 15.0;
				MTL_ENABLE_DEBUG_INFO = INCLUDE_SOURCE;
				MTL_FAST_MATH = YES;
				ONLY_ACTIVE_ARCH = YES;
				SDKROOT = iphoneos;
				SWIFT_ACTIVE_COMPILATION_CONDITIONS = DEBUG;
				SWIFT_OPTIMIZATION_LEVEL = "-Onone";
			};
			name = Debug;
		};
		FAA0F19C275C1BC3006F8179 /* Release */ = {
			isa = XCBuildConfiguration;
			buildSettings = {
				ALWAYS_SEARCH_USER_PATHS = NO;
				CLANG_ANALYZER_NONNULL = YES;
				CLANG_ANALYZER_NUMBER_OBJECT_CONVERSION = YES_AGGRESSIVE;
				CLANG_CXX_LANGUAGE_STANDARD = "gnu++17";
				CLANG_CXX_LIBRARY = "libc++";
				CLANG_ENABLE_MODULES = YES;
				CLANG_ENABLE_OBJC_ARC = YES;
				CLANG_ENABLE_OBJC_WEAK = YES;
				CLANG_WARN_BLOCK_CAPTURE_AUTORELEASING = YES;
				CLANG_WARN_BOOL_CONVERSION = YES;
				CLANG_WARN_COMMA = YES;
				CLANG_WARN_CONSTANT_CONVERSION = YES;
				CLANG_WARN_DEPRECATED_OBJC_IMPLEMENTATIONS = YES;
				CLANG_WARN_DIRECT_OBJC_ISA_USAGE = YES_ERROR;
				CLANG_WARN_DOCUMENTATION_COMMENTS = YES;
				CLANG_WARN_EMPTY_BODY = YES;
				CLANG_WARN_ENUM_CONVERSION = YES;
				CLANG_WARN_INFINITE_RECURSION = YES;
				CLANG_WARN_INT_CONVERSION = YES;
				CLANG_WARN_NON_LITERAL_NULL_CONVERSION = YES;
				CLANG_WARN_OBJC_IMPLICIT_RETAIN_SELF = YES;
				CLANG_WARN_OBJC_LITERAL_CONVERSION = YES;
				CLANG_WARN_OBJC_ROOT_CLASS = YES_ERROR;
				CLANG_WARN_QUOTED_INCLUDE_IN_FRAMEWORK_HEADER = YES;
				CLANG_WARN_RANGE_LOOP_ANALYSIS = YES;
				CLANG_WARN_STRICT_PROTOTYPES = YES;
				CLANG_WARN_SUSPICIOUS_MOVE = YES;
				CLANG_WARN_UNGUARDED_AVAILABILITY = YES_AGGRESSIVE;
				CLANG_WARN_UNREACHABLE_CODE = YES;
				CLANG_WARN__DUPLICATE_METHOD_MATCH = YES;
				COPY_PHASE_STRIP = NO;
				DEBUG_INFORMATION_FORMAT = "dwarf-with-dsym";
				ENABLE_NS_ASSERTIONS = NO;
				ENABLE_STRICT_OBJC_MSGSEND = YES;
				GCC_C_LANGUAGE_STANDARD = gnu11;
				GCC_NO_COMMON_BLOCKS = YES;
				GCC_WARN_64_TO_32_BIT_CONVERSION = YES;
				GCC_WARN_ABOUT_RETURN_TYPE = YES_ERROR;
				GCC_WARN_UNDECLARED_SELECTOR = YES;
				GCC_WARN_UNINITIALIZED_AUTOS = YES_AGGRESSIVE;
				GCC_WARN_UNUSED_FUNCTION = YES;
				GCC_WARN_UNUSED_VARIABLE = YES;
				IPHONEOS_DEPLOYMENT_TARGET = 15.0;
				MTL_ENABLE_DEBUG_INFO = NO;
				MTL_FAST_MATH = YES;
				SDKROOT = iphoneos;
				SWIFT_COMPILATION_MODE = wholemodule;
				SWIFT_OPTIMIZATION_LEVEL = "-O";
				VALIDATE_PRODUCT = YES;
			};
			name = Release;
		};
		FAA0F19E275C1BC3006F8179 /* Debug */ = {
			isa = XCBuildConfiguration;
			buildSettings = {
				ASSETCATALOG_COMPILER_APPICON_NAME = AppIcon;
				ASSETCATALOG_COMPILER_GLOBAL_ACCENT_COLOR_NAME = AccentColor;
				CODE_SIGN_STYLE = Automatic;
				CURRENT_PROJECT_VERSION = 1;
				DEVELOPMENT_TEAM = X4S6MUZL2D;
				ENABLE_PREVIEWS = YES;
				GENERATE_INFOPLIST_FILE = YES;
				INFOPLIST_KEY_UIApplicationSceneManifest_Generation = YES;
				INFOPLIST_KEY_UIApplicationSupportsIndirectInputEvents = YES;
				INFOPLIST_KEY_UILaunchScreen_Generation = YES;
				INFOPLIST_KEY_UISupportedInterfaceOrientations_iPad = "UIInterfaceOrientationPortrait UIInterfaceOrientationPortraitUpsideDown UIInterfaceOrientationLandscapeLeft UIInterfaceOrientationLandscapeRight";
				INFOPLIST_KEY_UISupportedInterfaceOrientations_iPhone = "UIInterfaceOrientationPortrait UIInterfaceOrientationLandscapeLeft UIInterfaceOrientationLandscapeRight";
				LD_RUNPATH_SEARCH_PATHS = (
					"$(inherited)",
					"@executable_path/Frameworks",
				);
				MARKETING_VERSION = 1.0;
				PRODUCT_BUNDLE_IDENTIFIER = com.skorulis.LifeTimer;
				PRODUCT_NAME = "$(TARGET_NAME)";
				SWIFT_EMIT_LOC_STRINGS = YES;
				SWIFT_VERSION = 5.0;
				TARGETED_DEVICE_FAMILY = "1,2";
			};
			name = Debug;
		};
		FAA0F19F275C1BC3006F8179 /* Release */ = {
			isa = XCBuildConfiguration;
			buildSettings = {
				ASSETCATALOG_COMPILER_APPICON_NAME = AppIcon;
				ASSETCATALOG_COMPILER_GLOBAL_ACCENT_COLOR_NAME = AccentColor;
				CODE_SIGN_STYLE = Automatic;
				CURRENT_PROJECT_VERSION = 1;
				DEVELOPMENT_TEAM = X4S6MUZL2D;
				ENABLE_PREVIEWS = YES;
				GENERATE_INFOPLIST_FILE = YES;
				INFOPLIST_KEY_UIApplicationSceneManifest_Generation = YES;
				INFOPLIST_KEY_UIApplicationSupportsIndirectInputEvents = YES;
				INFOPLIST_KEY_UILaunchScreen_Generation = YES;
				INFOPLIST_KEY_UISupportedInterfaceOrientations_iPad = "UIInterfaceOrientationPortrait UIInterfaceOrientationPortraitUpsideDown UIInterfaceOrientationLandscapeLeft UIInterfaceOrientationLandscapeRight";
				INFOPLIST_KEY_UISupportedInterfaceOrientations_iPhone = "UIInterfaceOrientationPortrait UIInterfaceOrientationLandscapeLeft UIInterfaceOrientationLandscapeRight";
				LD_RUNPATH_SEARCH_PATHS = (
					"$(inherited)",
					"@executable_path/Frameworks",
				);
				MARKETING_VERSION = 1.0;
				PRODUCT_BUNDLE_IDENTIFIER = com.skorulis.LifeTimer;
				PRODUCT_NAME = "$(TARGET_NAME)";
				SWIFT_EMIT_LOC_STRINGS = YES;
				SWIFT_VERSION = 5.0;
				TARGETED_DEVICE_FAMILY = "1,2";
			};
			name = Release;
		};
		FAA0F1A1275C1BC3006F8179 /* Debug */ = {
			isa = XCBuildConfiguration;
			buildSettings = {
				ALWAYS_EMBED_SWIFT_STANDARD_LIBRARIES = YES;
				BUNDLE_LOADER = "$(TEST_HOST)";
				CODE_SIGN_STYLE = Automatic;
				CURRENT_PROJECT_VERSION = 1;
				DEVELOPMENT_TEAM = X4S6MUZL2D;
				GENERATE_INFOPLIST_FILE = YES;
				IPHONEOS_DEPLOYMENT_TARGET = 15.0;
				LD_RUNPATH_SEARCH_PATHS = (
					"$(inherited)",
					"@executable_path/Frameworks",
					"@loader_path/Frameworks",
				);
				MARKETING_VERSION = 1.0;
				PRODUCT_BUNDLE_IDENTIFIER = com.skorulis.LifeTimerTests;
				PRODUCT_NAME = "$(TARGET_NAME)";
				SWIFT_EMIT_LOC_STRINGS = NO;
				SWIFT_VERSION = 5.0;
				TARGETED_DEVICE_FAMILY = "1,2";
				TEST_HOST = "$(BUILT_PRODUCTS_DIR)/LifeTimer.app/LifeTimer";
			};
			name = Debug;
		};
		FAA0F1A2275C1BC3006F8179 /* Release */ = {
			isa = XCBuildConfiguration;
			buildSettings = {
				ALWAYS_EMBED_SWIFT_STANDARD_LIBRARIES = YES;
				BUNDLE_LOADER = "$(TEST_HOST)";
				CODE_SIGN_STYLE = Automatic;
				CURRENT_PROJECT_VERSION = 1;
				DEVELOPMENT_TEAM = X4S6MUZL2D;
				GENERATE_INFOPLIST_FILE = YES;
				IPHONEOS_DEPLOYMENT_TARGET = 15.0;
				LD_RUNPATH_SEARCH_PATHS = (
					"$(inherited)",
					"@executable_path/Frameworks",
					"@loader_path/Frameworks",
				);
				MARKETING_VERSION = 1.0;
				PRODUCT_BUNDLE_IDENTIFIER = com.skorulis.LifeTimerTests;
				PRODUCT_NAME = "$(TARGET_NAME)";
				SWIFT_EMIT_LOC_STRINGS = NO;
				SWIFT_VERSION = 5.0;
				TARGETED_DEVICE_FAMILY = "1,2";
				TEST_HOST = "$(BUILT_PRODUCTS_DIR)/LifeTimer.app/LifeTimer";
			};
			name = Release;
		};
/* End XCBuildConfiguration section */

/* Begin XCConfigurationList section */
		FAA0F16F275C1BC1006F8179 /* Build configuration list for PBXProject "LifeTimer" */ = {
			isa = XCConfigurationList;
			buildConfigurations = (
				FAA0F19B275C1BC3006F8179 /* Debug */,
				FAA0F19C275C1BC3006F8179 /* Release */,
			);
			defaultConfigurationIsVisible = 0;
			defaultConfigurationName = Release;
		};
		FAA0F19D275C1BC3006F8179 /* Build configuration list for PBXNativeTarget "LifeTimer" */ = {
			isa = XCConfigurationList;
			buildConfigurations = (
				FAA0F19E275C1BC3006F8179 /* Debug */,
				FAA0F19F275C1BC3006F8179 /* Release */,
			);
			defaultConfigurationIsVisible = 0;
			defaultConfigurationName = Release;
		};
		FAA0F1A0275C1BC3006F8179 /* Build configuration list for PBXNativeTarget "LifeTimerTests" */ = {
			isa = XCConfigurationList;
			buildConfigurations = (
				FAA0F1A1275C1BC3006F8179 /* Debug */,
				FAA0F1A2275C1BC3006F8179 /* Release */,
			);
			defaultConfigurationIsVisible = 0;
			defaultConfigurationName = Release;
		};
/* End XCConfigurationList section */

/* Begin XCRemoteSwiftPackageReference section */
		FAA0F1BF275C1F7F006F8179 /* XCRemoteSwiftPackageReference "SwinjectAutoregistration" */ = {
			isa = XCRemoteSwiftPackageReference;
			repositoryURL = "https://github.com/Swinject/SwinjectAutoregistration";
			requirement = {
				kind = exactVersion;
				version = 2.8.1;
			};
		};
		FABAC602275C43CB008177A7 /* XCRemoteSwiftPackageReference "ElegantCalendar" */ = {
			isa = XCRemoteSwiftPackageReference;
			repositoryURL = "https://github.com/ThasianX/ElegantCalendar";
			requirement = {
				kind = upToNextMajorVersion;
				minimumVersion = 4.0.0;
			};
		};
/* End XCRemoteSwiftPackageReference section */

/* Begin XCSwiftPackageProductDependency section */
		FAA0F1C0275C1F7F006F8179 /* SwinjectAutoregistration */ = {
			isa = XCSwiftPackageProductDependency;
			package = FAA0F1BF275C1F7F006F8179 /* XCRemoteSwiftPackageReference "SwinjectAutoregistration" */;
			productName = SwinjectAutoregistration;
		};
		FABAC603275C43CB008177A7 /* ElegantCalendar */ = {
			isa = XCSwiftPackageProductDependency;
			package = FABAC602275C43CB008177A7 /* XCRemoteSwiftPackageReference "ElegantCalendar" */;
			productName = ElegantCalendar;
		};
		FABAC614275C6448008177A7 /* ASSwiftUI */ = {
			isa = XCSwiftPackageProductDependency;
			productName = ASSwiftUI;
		};
/* End XCSwiftPackageProductDependency section */

/* Begin XCVersionGroup section */
		FAA0F1B2275C1CC6006F8179 /* LifeTimer.xcdatamodeld */ = {
			isa = XCVersionGroup;
			children = (
				FAA0F1B3275C1CC6006F8179 /* LifeTimer.xcdatamodel */,
			);
			currentVersion = FAA0F1B3275C1CC6006F8179 /* LifeTimer.xcdatamodel */;
			path = LifeTimer.xcdatamodeld;
			sourceTree = "<group>";
			versionGroupType = wrapper.xcdatamodel;
		};
/* End XCVersionGroup section */
	};
	rootObject = FAA0F16C275C1BC1006F8179 /* Project object */;
}
